
Microsoft Visual Studio Solution File, Format Version 12.00
# Visual Studio Version 16
VisualStudioVersion = 16.0.28922.388
MinimumVisualStudioVersion = 10.0.40219.1
Project("{FAE04EC0-301F-11D3-BF4B-00C04F79EFBC}") = "WebApi1", "WebApi1.csproj", "{BFEC1350-D273-4177-9583-6888B22CFBBE}"
EndProject
Global
	GlobalSection(SolutionConfigurationPlatforms) = preSolution
		Debug|Any CPU = Debug|Any CPU
		Release|Any CPU = Release|Any CPU
	EndGlobalSection
	GlobalSection(ProjectConfigurationPlatforms) = postSolution
		{BFEC1350-D273-4177-9583-6888B22CFBBE}.Debug|Any CPU.ActiveCfg = Debug|Any CPU
		{BFEC1350-D273-4177-9583-6888B22CFBBE}.Debug|Any CPU.Build.0 = Debug|Any CPU
		{BFEC1350-D273-4177-9583-6888B22CFBBE}.Release|Any CPU.ActiveCfg = Release|Any CPU
		{BFEC1350-D273-4177-9583-6888B22CFBBE}.Release|Any CPU.Build.0 = Release|Any CPU
	EndGlobalSection
	GlobalSection(SolutionProperties) = preSolution
		HideSolutionNode = FALSE
	EndGlobalSection
	GlobalSection(ExtensibilityGlobals) = postSolution
		SolutionGuid = {4B3485AF-36DA-4FF8-B355-815E31106AC6}
	EndGlobalSection
EndGlobal
